
Microsoft Visual Studio Solution File, Format Version 12.00
# Visual Studio Version 17
VisualStudioVersion = 17.13.35913.81 d17.13
MinimumVisualStudioVersion = 10.0.40219.1
Project("{FAE04EC0-301F-11D3-BF4B-00C04F79EFBC}") = "Students", "Students\Students.csproj", "{23941254-3486-443F-8AED-53614675712C}"
EndProject
Global
	GlobalSection(SolutionConfigurationPlatforms) = preSolution
		Debug|Any CPU = Debug|Any CPU
		Release|Any CPU = Release|Any CPU
	EndGlobalSection
	GlobalSection(ProjectConfigurationPlatforms) = postSolution
		{23941254-3486-443F-8AED-53614675712C}.Debug|Any CPU.ActiveCfg = Debug|Any CPU
		{23941254-3486-443F-8AED-53614675712C}.Debug|Any CPU.Build.0 = Debug|Any CPU
		{23941254-3486-443F-8AED-53614675712C}.Release|Any CPU.ActiveCfg = Release|Any CPU
		{23941254-3486-443F-8AED-53614675712C}.Release|Any CPU.Build.0 = Release|Any CPU
	EndGlobalSection
	GlobalSection(SolutionProperties) = preSolution
		HideSolutionNode = FALSE
	EndGlobalSection
	GlobalSection(ExtensibilityGlobals) = postSolution
		SolutionGuid = {CB2DE354-23D0-452F-BBD0-0D0DCF2670E7}
	EndGlobalSection
EndGlobal
